
Microsoft Visual Studio Solution File, Format Version 12.00
# Visual Studio Version 16
VisualStudioVersion = 16.0.31424.327
MinimumVisualStudioVersion = 10.0.40219.1
Project("{9A19103F-16F7-4668-BE54-9A1E7A4F7556}") = "Task4Core", "Sat\Task4Core.csproj", "{247EF47A-C9E0-45A6-9313-262B8CF530BC}"
EndProject
Global
	GlobalSection(SolutionConfigurationPlatforms) = preSolution
		Debug|Any CPU = Debug|Any CPU
		Release|Any CPU = Release|Any CPU
	EndGlobalSection
	GlobalSection(ProjectConfigurationPlatforms) = postSolution
		{247EF47A-C9E0-45A6-9313-262B8CF530BC}.Debug|Any CPU.ActiveCfg = Debug|Any CPU
		{247EF47A-C9E0-45A6-9313-262B8CF530BC}.Debug|Any CPU.Build.0 = Debug|Any CPU
		{247EF47A-C9E0-45A6-9313-262B8CF530BC}.Release|Any CPU.ActiveCfg = Release|Any CPU
		{247EF47A-C9E0-45A6-9313-262B8CF530BC}.Release|Any CPU.Build.0 = Release|Any CPU
	EndGlobalSection
	GlobalSection(SolutionProperties) = preSolution
		HideSolutionNode = FALSE
	EndGlobalSection
	GlobalSection(ExtensibilityGlobals) = postSolution
		SolutionGuid = {59044362-D528-47D1-B7DF-FF6BE4AB56A4}
	EndGlobalSection
EndGlobal
